github.com/kamaranl/gotools v0.0.0-20251216151812-d597b0647b9a h1:pgy2Bxq5d14gmjiNryzbOqf2GmqKXRe1LAcqW5jIo/U=
github.com/kamaranl/gotools v0.0.0-20251216151812-d597b0647b9a/go.mod h1:PYwV8+m0pn4VZ5EaOdH6GEMwyeycw+Py07yQXfniO5Q=
golang.org/x/sys v0.38.0 h1:3yZWxaJjBmCWXqhN1qh02AkOnCQ1poK6oF+a7xWL6Gc=
golang.org/x/sys v0.38.0/go.mod h1:OgkHotnGiDImocRcuBABYBEXf8A9a87e/uXjp9XT3ks=
