github.com/kamaranl/go_private v0.0.0-20251107203659-58218ddc72d7 h1:TTKertsjv2XAn7VWbHKhPQscqrBIyUp/p66oMkeFY1s=
github.com/kamaranl/go_private v0.0.0-20251107203659-58218ddc72d7/go.mod h1:0fXwwLvxd01g47HFruATghRWhPc/ReeinOf+LbRhQnk=
golang.org/x/sys v0.36.0 h1:KVRy2GtZBrk1cBYA7MKu5bEZFxQk4NIDV6RLVcC8o0k=
golang.org/x/sys v0.36.0/go.mod h1:OgkHotnGiDImocRcuBABYBEXf8A9a87e/uXjp9XT3ks=
